
Microsoft Visual Studio Solution File, Format Version 12.00
# Visual Studio Version 17
VisualStudioVersion = 17.5.33424.131
MinimumVisualStudioVersion = 10.0.40219.1
Project("{FAE04EC0-301F-11D3-BF4B-00C04F79EFBC}") = "COMP003B.Assignment2", "COMP003B.Assignment2\COMP003B.Assignment2.csproj", "{F359C824-6C1F-4724-AC26-531CFFE7899F}"
EndProject
Global
	GlobalSection(SolutionConfigurationPlatforms) = preSolution
		Debug|Any CPU = Debug|Any CPU
		Release|Any CPU = Release|Any CPU
	EndGlobalSection
	GlobalSection(ProjectConfigurationPlatforms) = postSolution
		{F359C824-6C1F-4724-AC26-531CFFE7899F}.Debug|Any CPU.ActiveCfg = Debug|Any CPU
		{F359C824-6C1F-4724-AC26-531CFFE7899F}.Debug|Any CPU.Build.0 = Debug|Any CPU
		{F359C824-6C1F-4724-AC26-531CFFE7899F}.Release|Any CPU.ActiveCfg = Release|Any CPU
		{F359C824-6C1F-4724-AC26-531CFFE7899F}.Release|Any CPU.Build.0 = Release|Any CPU
	EndGlobalSection
	GlobalSection(SolutionProperties) = preSolution
		HideSolutionNode = FALSE
	EndGlobalSection
	GlobalSection(ExtensibilityGlobals) = postSolution
		SolutionGuid = {3E5C1016-E1F1-4053-8705-97A0E5C66F98}
	EndGlobalSection
EndGlobal
